
Microsoft Visual Studio Solution File, Format Version 12.00
# Visual Studio Version 17
VisualStudioVersion = 17.9.34728.123
MinimumVisualStudioVersion = 10.0.40219.1
Project("{2150E333-8FDC-42A3-9474-1A3956D46DE8}") = "解决方案项", "解决方案项", "{14A9B77C-8C47-4864-8573-29D75AF47174}"
	ProjectSection(SolutionItems) = preProject
		.gitignore = .gitignore
	EndProjectSection
EndProject
Project("{9A19103F-16F7-4668-BE54-9A1E7A4F7556}") = "YE.Control", "YE.Control\YE.Control.csproj", "{A3A06FB7-2105-43B6-B147-14DEB3D54551}"
EndProject
Project("{9A19103F-16F7-4668-BE54-9A1E7A4F7556}") = "YE.Control.Demo", "YE.Control.Demo\YE.Control.Demo.csproj", "{060FD121-F411-430F-875B-9F0195119C91}"
EndProject
Global
	GlobalSection(SolutionConfigurationPlatforms) = preSolution
		Debug|Any CPU = Debug|Any CPU
		Release|Any CPU = Release|Any CPU
	EndGlobalSection
	GlobalSection(ProjectConfigurationPlatforms) = postSolution
		{A3A06FB7-2105-43B6-B147-14DEB3D54551}.Debug|Any CPU.ActiveCfg = Debug|Any CPU
		{A3A06FB7-2105-43B6-B147-14DEB3D54551}.Debug|Any CPU.Build.0 = Debug|Any CPU
		{A3A06FB7-2105-43B6-B147-14DEB3D54551}.Release|Any CPU.ActiveCfg = Release|Any CPU
		{A3A06FB7-2105-43B6-B147-14DEB3D54551}.Release|Any CPU.Build.0 = Release|Any CPU
		{060FD121-F411-430F-875B-9F0195119C91}.Debug|Any CPU.ActiveCfg = Debug|Any CPU
		{060FD121-F411-430F-875B-9F0195119C91}.Debug|Any CPU.Build.0 = Debug|Any CPU
		{060FD121-F411-430F-875B-9F0195119C91}.Release|Any CPU.ActiveCfg = Release|Any CPU
		{060FD121-F411-430F-875B-9F0195119C91}.Release|Any CPU.Build.0 = Release|Any CPU
	EndGlobalSection
	GlobalSection(SolutionProperties) = preSolution
		HideSolutionNode = FALSE
	EndGlobalSection
	GlobalSection(ExtensibilityGlobals) = postSolution
		SolutionGuid = {D69BFCAA-4338-4FD7-A92A-280495C45FED}
	EndGlobalSection
EndGlobal
